// !$*UTF8*$!
{
	archiveVersion = 1;
	classes = {
	};
	objectVersion = 46;
	objects = {

/* Begin PBXBuildFile section */
		6DAF10961703036400342C8D /* vuln.c in Sources */ = {isa = PBXBuildFile; fileRef = 6DAF10951703036400342C8D /* vuln.c */; };
/* End PBXBuildFile section */

/* Begin PBXFileReference section */
		6DAF108A1703036400342C8D /* vuln.kext */ = {isa = PBXFileReference; explicitFileType = wrapper.cfbundle; includeInIndex = 0; path = vuln.kext; sourceTree = BUILT_PRODUCTS_DIR; };
		6DAF108E1703036400342C8D /* Kernel.framework */ = {isa = PBXFileReference; lastKnownFileType = wrapper.framework; name = Kernel.framework; path = System/Library/Frameworks/Kernel.framework; sourceTree = SDKROOT; };
		6DAF10911703036400342C8D /* Info.plist */ = {isa = PBXFileReference; lastKnownFileType = text.plist.xml; path = Info.plist; sourceTree = SOURCE_ROOT; };
		6DAF10951703036400342C8D /* vuln.c */ = {isa = PBXFileReference; lastKnownFileType = sourcecode.c.c; path = vuln.c; sourceTree = SOURCE_ROOT; };
/* End PBXFileReference section */

/* Begin PBXFrameworksBuildPhase section */
		6DAF10851703036400342C8D /* Frameworks */ = {
			isa = PBXFrameworksBuildPhase;
			buildActionMask = 2147483647;
			files = (
			);
			runOnlyForDeploymentPostprocessing = 0;
		};
/* End PBXFrameworksBuildPhase section */

/* Begin PBXGroup section */
		6DAF107D1703036400342C8D = {
			isa = PBXGroup;
			children = (
				6DAF108F1703036400342C8D /* vuln */,
				6DAF108C1703036400342C8D /* Frameworks */,
				6DAF108B1703036400342C8D /* Products */,
			);
			indentWidth = 8;
			sourceTree = "<group>";
			tabWidth = 8;
			usesTabs = 1;
		};
		6DAF108B1703036400342C8D /* Products */ = {
			isa = PBXGroup;
			children = (
				6DAF108A1703036400342C8D /* vuln.kext */,
			);
			name = Products;
			sourceTree = "<group>";
		};
		6DAF108C1703036400342C8D /* Frameworks */ = {
			isa = PBXGroup;
			children = (
				6DAF108D1703036400342C8D /* Other Frameworks */,
			);
			name = Frameworks;
			sourceTree = "<group>";
		};
		6DAF108D1703036400342C8D /* Other Frameworks */ = {
			isa = PBXGroup;
			children = (
				6DAF108E1703036400342C8D /* Kernel.framework */,
			);
			name = "Other Frameworks";
			sourceTree = "<group>";
		};
		6DAF108F1703036400342C8D /* vuln */ = {
			isa = PBXGroup;
			children = (
				6DAF10951703036400342C8D /* vuln.c */,
				6DAF10901703036400342C8D /* Supporting Files */,
			);
			path = vuln;
			sourceTree = "<group>";
		};
		6DAF10901703036400342C8D /* Supporting Files */ = {
			isa = PBXGroup;
			children = (
				6DAF10911703036400342C8D /* Info.plist */,
			);
			name = "Supporting Files";
			sourceTree = "<group>";
		};
/* End PBXGroup section */

/* Begin PBXHeadersBuildPhase section */
		6DAF10861703036400342C8D /* Headers */ = {
			isa = PBXHeadersBuildPhase;
			buildActionMask = 2147483647;
			files = (
			);
			runOnlyForDeploymentPostprocessing = 0;
		};
/* End PBXHeadersBuildPhase section */

/* Begin PBXNativeTarget section */
		6DAF10891703036400342C8D /* vuln */ = {
			isa = PBXNativeTarget;
			buildConfigurationList = 6DAF109A1703036400342C8D /* Build configuration list for PBXNativeTarget "vuln" */;
			buildPhases = (
				6DAF10841703036400342C8D /* Sources */,
				6DAF10851703036400342C8D /* Frameworks */,
				6DAF10861703036400342C8D /* Headers */,
				6DAF10871703036400342C8D /* Resources */,
				6DAF10881703036400342C8D /* Rez */,
			);
			buildRules = (
			);
			dependencies = (
			);
			name = vuln;
			productName = vuln;
			productReference = 6DAF108A1703036400342C8D /* vuln.kext */;
			productType = "com.apple.product-type.kernel-extension";
		};
/* End PBXNativeTarget section */

/* Begin PBXProject section */
		6DAF107F1703036400342C8D /* Project object */ = {
			isa = PBXProject;
			attributes = {
				LastUpgradeCheck = 0500;
			};
			buildConfigurationList = 6DAF10821703036400342C8D /* Build configuration list for PBXProject "vuln" */;
			compatibilityVersion = "Xcode 3.2";
			developmentRegion = English;
			hasScannedForEncodings = 0;
			knownRegions = (
				en,
			);
			mainGroup = 6DAF107D1703036400342C8D;
			productRefGroup = 6DAF108B1703036400342C8D /* Products */;
			projectDirPath = "";
			projectRoot = "";
			targets = (
				6DAF10891703036400342C8D /* vuln */,
			);
		};
/* End PBXProject section */

/* Begin PBXResourcesBuildPhase section */
		6DAF10871703036400342C8D /* Resources */ = {
			isa = PBXResourcesBuildPhase;
			buildActionMask = 2147483647;
			files = (
			);
			runOnlyForDeploymentPostprocessing = 0;
		};
/* End PBXResourcesBuildPhase section */

/* Begin PBXRezBuildPhase section */
		6DAF10881703036400342C8D /* Rez */ = {
			isa = PBXRezBuildPhase;
			buildActionMask = 2147483647;
			files = (
			);
			runOnlyForDeploymentPostprocessing = 0;
		};
/* End PBXRezBuildPhase section */

/* Begin PBXSourcesBuildPhase section */
		6DAF10841703036400342C8D /* Sources */ = {
			isa = PBXSourcesBuildPhase;
			buildActionMask = 2147483647;
			files = (
				6DAF10961703036400342C8D /* vuln.c in Sources */,
			);
			runOnlyForDeploymentPostprocessing = 0;
		};
/* End PBXSourcesBuildPhase section */

/* Begin XCBuildConfiguration section */
		6DAF10981703036400342C8D /* Debug */ = {
			isa = XCBuildConfiguration;
			buildSettings = {
				ALWAYS_SEARCH_USER_PATHS = NO;
				CONFIGURATION_BUILD_DIR = "$(CONFIGURATION)$(EFFECTIVE_PLATFORM_NAME)";
				COPY_PHASE_STRIP = NO;
				GCC_C_LANGUAGE_STANDARD = gnu99;
				GCC_DYNAMIC_NO_PIC = NO;
				GCC_ENABLE_OBJC_EXCEPTIONS = YES;
				GCC_OPTIMIZATION_LEVEL = 0;
				GCC_PREPROCESSOR_DEFINITIONS = (
					"DEBUG=1",
					"$(inherited)",
				);
				GCC_SYMBOLS_PRIVATE_EXTERN = NO;
				GCC_VERSION = "";
				GCC_WARN_64_TO_32_BIT_CONVERSION = YES;
				GCC_WARN_ABOUT_MISSING_PROTOTYPES = YES;
				GCC_WARN_ABOUT_RETURN_TYPE = YES;
				GCC_WARN_UNUSED_VARIABLE = YES;
				MACOSX_DEPLOYMENT_TARGET = 10.6;
				ONLY_ACTIVE_ARCH = YES;
				SDKROOT = "";
			};
			name = Debug;
		};
		6DAF10991703036400342C8D /* Release */ = {
			isa = XCBuildConfiguration;
			buildSettings = {
				ALWAYS_SEARCH_USER_PATHS = NO;
				CONFIGURATION_BUILD_DIR = "$(CONFIGURATION)$(EFFECTIVE_PLATFORM_NAME)";
				COPY_PHASE_STRIP = YES;
				DEBUG_INFORMATION_FORMAT = "dwarf-with-dsym";
				GCC_C_LANGUAGE_STANDARD = gnu99;
				GCC_ENABLE_OBJC_EXCEPTIONS = YES;
				GCC_OPTIMIZATION_LEVEL = 0;
				GCC_VERSION = "";
				GCC_WARN_64_TO_32_BIT_CONVERSION = YES;
				GCC_WARN_ABOUT_MISSING_PROTOTYPES = YES;
				GCC_WARN_ABOUT_RETURN_TYPE = YES;
				GCC_WARN_UNUSED_VARIABLE = YES;
				MACOSX_DEPLOYMENT_TARGET = 10.6;
				ONLY_ACTIVE_ARCH = NO;
				SDKROOT = "";
			};
			name = Release;
		};
		6DAF109B1703036400342C8D /* Debug */ = {
			isa = XCBuildConfiguration;
			buildSettings = {
				COMBINE_HIDPI_IMAGES = YES;
				CONFIGURATION_BUILD_DIR = "$(BUILD_DIR)/$(CONFIGURATION)$(EFFECTIVE_PLATFORM_NAME)";
				GCC_PRECOMPILE_PREFIX_HEADER = YES;
				GCC_PREFIX_HEADER = "";
				GCC_VERSION = "";
				INFOPLIST_FILE = Info.plist;
				MODULE_NAME = schumilo.vuln;
				MODULE_START = vuln_start;
				MODULE_STOP = vuln_stop;
				MODULE_VERSION = 1.0.0d1;
				PRODUCT_NAME = "$(TARGET_NAME)";
				WRAPPER_EXTENSION = kext;
			};
			name = Debug;
		};
		6DAF109C1703036400342C8D /* Release */ = {
			isa = XCBuildConfiguration;
			buildSettings = {
				COMBINE_HIDPI_IMAGES = YES;
				CONFIGURATION_BUILD_DIR = "$(BUILD_DIR)/$(CONFIGURATION)$(EFFECTIVE_PLATFORM_NAME)";
				GCC_PRECOMPILE_PREFIX_HEADER = YES;
				GCC_PREFIX_HEADER = "";
				GCC_VERSION = "";
				INFOPLIST_FILE = Info.plist;
				MODULE_NAME = schumilo.vuln;
				MODULE_START = vuln_start;
				MODULE_STOP = vuln_stop;
				MODULE_VERSION = 1.0.0d1;
				PRODUCT_NAME = "$(TARGET_NAME)";
				WRAPPER_EXTENSION = kext;
			};
			name = Release;
		};
/* End XCBuildConfiguration section */

/* Begin XCConfigurationList section */
		6DAF10821703036400342C8D /* Build configuration list for PBXProject "vuln" */ = {
			isa = XCConfigurationList;
			buildConfigurations = (
				6DAF10981703036400342C8D /* Debug */,
				6DAF10991703036400342C8D /* Release */,
			);
			defaultConfigurationIsVisible = 0;
			defaultConfigurationName = Release;
		};
		6DAF109A1703036400342C8D /* Build configuration list for PBXNativeTarget "vuln" */ = {
			isa = XCConfigurationList;
			buildConfigurations = (
				6DAF109B1703036400342C8D /* Debug */,
				6DAF109C1703036400342C8D /* Release */,
			);
			defaultConfigurationIsVisible = 0;
			defaultConfigurationName = Release;
		};
/* End XCConfigurationList section */
	};
	rootObject = 6DAF107F1703036400342C8D /* Project object */;
}
